# THIS IS AN AUTOGENERATED FILE. DO NOT EDIT THIS FILE DIRECTLY.
# yarn lockfile v1


"@altv/types-server@^2.5.0":
  version "2.5.0"
  resolved "https://registry.yarnpkg.com/@altv/types-server/-/types-server-2.5.0.tgz#9629be97b58f1812524ea1ca078d9d763b41dd29"
  integrity sha512-8tc3vz7+PdVHlquSKD5JZjQjFqtnbS+n93bz7xuDfQ6dEHWVIhTW1s3IugJTbMXBhJwhtuey7Vsd2ev4LGiExg==

"@altv/types-shared@^1.3.1":
  version "1.3.1"
  resolved "https://registry.yarnpkg.com/@altv/types-shared/-/types-shared-1.3.1.tgz#1a0ce63b9d197f0b614c68dc4c21de3bf24e033b"
  integrity sha512-6zepdoj+PoVZOHFfNaevoAIUOKIj/QdnnrhP65tteXa5Slo893jr/RLHHsJsYmJp4K4hKMNt5KazGDzDZO6dEg==

typescript@^4.7.4:
  version "4.7.4"
  resolved "https://registry.yarnpkg.com/typescript/-/typescript-4.7.4.tgz#1a88596d1cf47d59507a1bcdfb5b9dfe4d488235"
  integrity sha512-C0WQT0gezHuw6AdY1M2jxUO83Rjf0HP7Sk1DtXj6j1EwkQNZrHAg2XPWlq62oqEhYvONq5pkC2Y9oPljWToLmQ==
