# THIS IS AN AUTOGENERATED FILE. DO NOT EDIT THIS FILE DIRECTLY.
# yarn lockfile v1


"@altv/types-shared@^1.2.8":
  version "1.2.8"
  resolved "https://registry.yarnpkg.com/@altv/types-shared/-/types-shared-1.2.8.tgz#4e9dbee0ea856674c4e4aa799a938a0d540f4a09"
  integrity sha512-JUN4hyuSSdbeUrfkPag+9p0HHZCJXUiHqpliAoqbSpGf0lxqlH9YJBmlkKrgYb5Hc1KmUruXljh1Xay8wOy9+Q==

typescript@^4.7.4:
  version "4.7.4"
  resolved "https://registry.yarnpkg.com/typescript/-/typescript-4.7.4.tgz#1a88596d1cf47d59507a1bcdfb5b9dfe4d488235"
  integrity sha512-C0WQT0gezHuw6AdY1M2jxUO83Rjf0HP7Sk1DtXj6j1EwkQNZrHAg2XPWlq62oqEhYvONq5pkC2Y9oPljWToLmQ==
